<?xml version="1.0" encoding="utf-8"?>
<Project ToolsVersion="4.0" xmlns="http://schemas.microsoft.com/developer/msbuild/2003">
  <ItemGroup>
    <Filter Include="Math">
      <UniqueIdentifier>{d4fd3975-876b-4114-9e4a-8de83b1104cd}</UniqueIdentifier>
    </Filter>
  </ItemGroup>
  <ItemGroup>
    <None Include="src\Math\Vector2D.inl">
      <Filter>Math</Filter>
    </None>
    <None Include="src\Math\Matrix2D.inl" />
    <None Include="src\Math\Matrix2.inl" />
    <None Include="src\Math\Vector2.inl" />
    <None Include="src\Math\Vector3.inl" />
  </ItemGroup>
  <ItemGroup>
    <ClInclude Include="src\Math\Vector2D.h">
      <Filter>Math</Filter>
    </ClInclude>
    <ClInclude Include="src\Time\Clock.h" />
    <ClInclude Include="src\Math\Matrix2D.h" />
    <ClInclude Include="src\Math\Constants.h" />
    <ClInclude Include="src\Math\Matrix3.h" />
    <ClInclude Include="src\Math\Vector3.h" />
    <ClInclude Include="src\Math\Matrix2.h" />
    <ClInclude Include="src\Math\Vector2.h" />
  </ItemGroup>
  <ItemGroup>
    <ClCompile Include="src\Time\Clock.cpp" />
  </ItemGroup>
</Project>