
Microsoft Visual Studio Solution File, Format Version 12.00
# Visual Studio 15
VisualStudioVersion = 15.0.27004.2010
MinimumVisualStudioVersion = 10.0.40219.1
Project("{8BC9CEB8-8B4A-11D0-8D11-00A0C91BC942}") = "Sandbox", "Sandbox.vcxproj", "{A8304A92-92AF-4246-ACCD-EFA963C74DD9}"
	ProjectSection(ProjectDependencies) = postProject
		{4A300833-22D2-4CE6-9157-154186625745} = {4A300833-22D2-4CE6-9157-154186625745}
	EndProjectSection
EndProject
Project("{8BC9CEB8-8B4A-11D0-8D11-00A0C91BC942}") = "Engine", "..\Engine\Engine.vcxproj", "{4A300833-22D2-4CE6-9157-154186625745}"
EndProject
Project("{8BC9CEB8-8B4A-11D0-8D11-00A0C91BC942}") = "EngineTests", "..\EngineTests\EngineTests.vcxproj", "{04C66267-CE5B-4D87-A728-66544A4962CB}"
	ProjectSection(ProjectDependencies) = postProject
		{4A300833-22D2-4CE6-9157-154186625745} = {4A300833-22D2-4CE6-9157-154186625745}
	EndProjectSection
EndProject
Global
	GlobalSection(SolutionConfigurationPlatforms) = preSolution
		Debug|x64 = Debug|x64
		Debug|x86 = Debug|x86
		Release|x64 = Release|x64
		Release|x86 = Release|x86
	EndGlobalSection
	GlobalSection(ProjectConfigurationPlatforms) = postSolution
		{A8304A92-92AF-4246-ACCD-EFA963C74DD9}.Debug|x64.ActiveCfg = Debug|x64
		{A8304A92-92AF-4246-ACCD-EFA963C74DD9}.Debug|x64.Build.0 = Debug|x64
		{A8304A92-92AF-4246-ACCD-EFA963C74DD9}.Debug|x86.ActiveCfg = Debug|Win32
		{A8304A92-92AF-4246-ACCD-EFA963C74DD9}.Release|x64.ActiveCfg = Release|x64
		{A8304A92-92AF-4246-ACCD-EFA963C74DD9}.Release|x64.Build.0 = Release|x64
		{A8304A92-92AF-4246-ACCD-EFA963C74DD9}.Release|x86.ActiveCfg = Release|Win32
		{A8304A92-92AF-4246-ACCD-EFA963C74DD9}.Release|x86.Build.0 = Release|Win32
		{4A300833-22D2-4CE6-9157-154186625745}.Debug|x64.ActiveCfg = Debug|x64
		{4A300833-22D2-4CE6-9157-154186625745}.Debug|x64.Build.0 = Debug|x64
		{4A300833-22D2-4CE6-9157-154186625745}.Debug|x86.ActiveCfg = Debug|Win32
		{4A300833-22D2-4CE6-9157-154186625745}.Debug|x86.Build.0 = Debug|Win32
		{4A300833-22D2-4CE6-9157-154186625745}.Release|x64.ActiveCfg = Release|x64
		{4A300833-22D2-4CE6-9157-154186625745}.Release|x64.Build.0 = Release|x64
		{4A300833-22D2-4CE6-9157-154186625745}.Release|x86.ActiveCfg = Release|Win32
		{4A300833-22D2-4CE6-9157-154186625745}.Release|x86.Build.0 = Release|Win32
		{04C66267-CE5B-4D87-A728-66544A4962CB}.Debug|x64.ActiveCfg = Debug|x64
		{04C66267-CE5B-4D87-A728-66544A4962CB}.Debug|x64.Build.0 = Debug|x64
		{04C66267-CE5B-4D87-A728-66544A4962CB}.Debug|x86.ActiveCfg = Debug|Win32
		{04C66267-CE5B-4D87-A728-66544A4962CB}.Debug|x86.Build.0 = Debug|Win32
		{04C66267-CE5B-4D87-A728-66544A4962CB}.Release|x64.ActiveCfg = Release|x64
		{04C66267-CE5B-4D87-A728-66544A4962CB}.Release|x64.Build.0 = Release|x64
		{04C66267-CE5B-4D87-A728-66544A4962CB}.Release|x86.ActiveCfg = Release|Win32
		{04C66267-CE5B-4D87-A728-66544A4962CB}.Release|x86.Build.0 = Release|Win32
	EndGlobalSection
	GlobalSection(SolutionProperties) = preSolution
		HideSolutionNode = FALSE
	EndGlobalSection
	GlobalSection(ExtensibilityGlobals) = postSolution
		SolutionGuid = {D86E734B-3AC6-46DB-B113-D1208C101B82}
	EndGlobalSection
EndGlobal
